// !$*UTF8*$!
{
	archiveVersion = 1;
	classes = {
	};
	objectVersion = 46;
	objects = {

/* Begin PBXBuildFile section */
		3F06CEDE19388EE8006B8EC0 /* Foundation.framework in Frameworks */ = {isa = PBXBuildFile; fileRef = 3F06CEDD19388EE8006B8EC0 /* Foundation.framework */; };
		3F06CEE019388EE8006B8EC0 /* CoreGraphics.framework in Frameworks */ = {isa = PBXBuildFile; fileRef = 3F06CEDF19388EE8006B8EC0 /* CoreGraphics.framework */; };
		3F06CEE219388EE8006B8EC0 /* UIKit.framework in Frameworks */ = {isa = PBXBuildFile; fileRef = 3F06CEE119388EE8006B8EC0 /* UIKit.framework */; };
		3F06CEF019388EE8006B8EC0 /* Images.xcassets in Resources */ = {isa = PBXBuildFile; fileRef = 3F06CEEF19388EE8006B8EC0 /* Images.xcassets */; };
		3F06CF0F19388F73006B8EC0 /* THRAppDelegate.m in Sources */ = {isa = PBXBuildFile; fileRef = 3F06CF0E19388F73006B8EC0 /* THRAppDelegate.m */; };
		3F06CF1519388F7B006B8EC0 /* main.m in Sources */ = {isa = PBXBuildFile; fileRef = 3F06CF1119388F7B006B8EC0 /* main.m */; };
		3F06CF1719388F80006B8EC0 /* InfoPlist.strings in Resources */ = {isa = PBXBuildFile; fileRef = 3F06CF1919388F80006B8EC0 /* InfoPlist.strings */; };
		3F0755481938991B00AF1C4D /* AudioToolbox.framework in Frameworks */ = {isa = PBXBuildFile; fileRef = 3F0755471938991B00AF1C4D /* AudioToolbox.framework */; };
		3F07554A1938992100AF1C4D /* CFNetwork.framework in Frameworks */ = {isa = PBXBuildFile; fileRef = 3F0755491938992100AF1C4D /* CFNetwork.framework */; };
		3F07554C1938993000AF1C4D /* CoreLocation.framework in Frameworks */ = {isa = PBXBuildFile; fileRef = 3F07554B1938993000AF1C4D /* CoreLocation.framework */; };
		3F07554E1938993700AF1C4D /* libz.dylib in Frameworks */ = {isa = PBXBuildFile; fileRef = 3F07554D1938993700AF1C4D /* libz.dylib */; };
		3F0755501938993D00AF1C4D /* MobileCoreServices.framework in Frameworks */ = {isa = PBXBuildFile; fileRef = 3F07554F1938993D00AF1C4D /* MobileCoreServices.framework */; };
		3F0755521938994300AF1C4D /* QuartzCore.framework in Frameworks */ = {isa = PBXBuildFile; fileRef = 3F0755511938994300AF1C4D /* QuartzCore.framework */; };
		3F0755541938994A00AF1C4D /* Security.framework in Frameworks */ = {isa = PBXBuildFile; fileRef = 3F0755531938994A00AF1C4D /* Security.framework */; };
		3F0755561938995100AF1C4D /* StoreKit.framework in Frameworks */ = {isa = PBXBuildFile; fileRef = 3F0755551938995100AF1C4D /* StoreKit.framework */; };
		3F0755581938995700AF1C4D /* SystemConfiguration.framework in Frameworks */ = {isa = PBXBuildFile; fileRef = 3F0755571938995700AF1C4D /* SystemConfiguration.framework */; };
		3F07556119389B9E00AF1C4D /* THRConnectViewController.m in Sources */ = {isa = PBXBuildFile; fileRef = 3F07556019389B9E00AF1C4D /* THRConnectViewController.m */; };
		3F0755741938B74D00AF1C4D /* Parse.framework in Frameworks */ = {isa = PBXBuildFile; fileRef = 3F0755731938B74D00AF1C4D /* Parse.framework */; };
		3F1C4850193B950D002C7E75 /* THRFeedViewController.m in Sources */ = {isa = PBXBuildFile; fileRef = 3F1C484F193B950D002C7E75 /* THRFeedViewController.m */; };
		3F1C4852193B9659002C7E75 /* THRConnectViewController.xib in Resources */ = {isa = PBXBuildFile; fileRef = 3F1C4851193B9659002C7E75 /* THRConnectViewController.xib */; };
		3F1C4854193B9BE8002C7E75 /* THRServiceTableViewCell.xib in Resources */ = {isa = PBXBuildFile; fileRef = 3F1C4853193B9BE8002C7E75 /* THRServiceTableViewCell.xib */; };
		3F1C4856193BA070002C7E75 /* THRFeedViewController.xib in Resources */ = {isa = PBXBuildFile; fileRef = 3F1C4855193BA070002C7E75 /* THRFeedViewController.xib */; };
		3F7373D71938D9340062462F /* Social.framework in Frameworks */ = {isa = PBXBuildFile; fileRef = 3F07555C19389A3D00AF1C4D /* Social.framework */; };
		3FB3EA3D193C87B7001ABEED /* THRMediaCollectionViewCell.m in Sources */ = {isa = PBXBuildFile; fileRef = 3FB3EA3C193C87B7001ABEED /* THRMediaCollectionViewCell.m */; };
		3FB3EA41193C8916001ABEED /* THRMediaCollectionViewFlowLayout.m in Sources */ = {isa = PBXBuildFile; fileRef = 3FB3EA40193C8916001ABEED /* THRMediaCollectionViewFlowLayout.m */; };
		3FB3EA44193CC51C001ABEED /* THRLabel.m in Sources */ = {isa = PBXBuildFile; fileRef = 3FB3EA43193CC51C001ABEED /* THRLabel.m */; };
		3FB3EA47193CD787001ABEED /* THRSettingsViewController.m in Sources */ = {isa = PBXBuildFile; fileRef = 3FB3EA46193CD787001ABEED /* THRSettingsViewController.m */; };
		3FC6B5CF193A15AC00D57D1E /* THRLoginViewController.m in Sources */ = {isa = PBXBuildFile; fileRef = 3FC6B5CE193A15AC00D57D1E /* THRLoginViewController.m */; };
		3FC6B5D6193A16FA00D57D1E /* THRLoginForm.m in Sources */ = {isa = PBXBuildFile; fileRef = 3FC6B5D5193A16FA00D57D1E /* THRLoginForm.m */; };
		3FC6B5D9193A1C4900D57D1E /* THRRootForm.m in Sources */ = {isa = PBXBuildFile; fileRef = 3FC6B5D8193A1C4900D57D1E /* THRRootForm.m */; };
		3FC6B5DC193A1C7F00D57D1E /* THRRegistrationForm.m in Sources */ = {isa = PBXBuildFile; fileRef = 3FC6B5DB193A1C7F00D57D1E /* THRRegistrationForm.m */; };
		779F853A7D4C4B3D8FFCF522 /* libPods-Through.a in Frameworks */ = {isa = PBXBuildFile; fileRef = BB9C680D10AD47FF9DBA77D5 /* libPods-Through.a */; };
		A04B93091945D663007770F0 /* THRPrivacyPolicyViewController.m in Sources */ = {isa = PBXBuildFile; fileRef = A04B93081945D663007770F0 /* THRPrivacyPolicyViewController.m */; };
		A04B930C1945DEEC007770F0 /* THRTermsOfUseViewController.m in Sources */ = {isa = PBXBuildFile; fileRef = A04B930B1945DEEC007770F0 /* THRTermsOfUseViewController.m */; };
		A05D6A66193E339A00C0F67E /* THRSettingsViewController.xib in Resources */ = {isa = PBXBuildFile; fileRef = A05D6A65193E339A00C0F67E /* THRSettingsViewController.xib */; };
		A05D6A6A193E35C800C0F67E /* THRSettingTableViewCell.xib in Resources */ = {isa = PBXBuildFile; fileRef = A05D6A69193E35C800C0F67E /* THRSettingTableViewCell.xib */; };
		A05D6A6E193E3B3A00C0F67E /* Pods-Through-acknowledgements.plist in Resources */ = {isa = PBXBuildFile; fileRef = A05D6A6D193E3B3A00C0F67E /* Pods-Through-acknowledgements.plist */; };
		A05D6A74193E3CA100C0F67E /* THRDeveloperViewController.m in Sources */ = {isa = PBXBuildFile; fileRef = A05D6A73193E3CA100C0F67E /* THRDeveloperViewController.m */; };
		A05D6A76193E3CB400C0F67E /* THRDeveloperViewController.xib in Resources */ = {isa = PBXBuildFile; fileRef = A05D6A75193E3CB400C0F67E /* THRDeveloperViewController.xib */; };
		A05D6A78193E3EE500C0F67E /* THRDeveloperInfoTableViewCell.xib in Resources */ = {isa = PBXBuildFile; fileRef = A05D6A77193E3EE500C0F67E /* THRDeveloperInfoTableViewCell.xib */; };
		A05D6A7C193E44B700C0F67E /* iLink.m in Sources */ = {isa = PBXBuildFile; fileRef = A05D6A7B193E44B700C0F67E /* iLink.m */; };
/* End PBXBuildFile section */

/* Begin PBXFileReference section */
		3F06CEDA19388EE8006B8EC0 /* Through.app */ = {isa = PBXFileReference; explicitFileType = wrapper.application; includeInIndex = 0; path = Through.app; sourceTree = BUILT_PRODUCTS_DIR; };
		3F06CEDD19388EE8006B8EC0 /* Foundation.framework */ = {isa = PBXFileReference; lastKnownFileType = wrapper.framework; name = Foundation.framework; path = System/Library/Frameworks/Foundation.framework; sourceTree = SDKROOT; };
		3F06CEDF19388EE8006B8EC0 /* CoreGraphics.framework */ = {isa = PBXFileReference; lastKnownFileType = wrapper.framework; name = CoreGraphics.framework; path = System/Library/Frameworks/CoreGraphics.framework; sourceTree = SDKROOT; };
		3F06CEE119388EE8006B8EC0 /* UIKit.framework */ = {isa = PBXFileReference; lastKnownFileType = wrapper.framework; name = UIKit.framework; path = System/Library/Frameworks/UIKit.framework; sourceTree = SDKROOT; };
		3F06CEEF19388EE8006B8EC0 /* Images.xcassets */ = {isa = PBXFileReference; lastKnownFileType = folder.assetcatalog; path = Images.xcassets; sourceTree = "<group>"; };
		3F06CEF619388EE8006B8EC0 /* XCTest.framework */ = {isa = PBXFileReference; lastKnownFileType = wrapper.framework; name = XCTest.framework; path = Library/Frameworks/XCTest.framework; sourceTree = DEVELOPER_DIR; };
		3F06CF0D19388F73006B8EC0 /* THRAppDelegate.h */ = {isa = PBXFileReference; fileEncoding = 4; lastKnownFileType = sourcecode.c.h; name = THRAppDelegate.h; path = Application/THRAppDelegate.h; sourceTree = "<group>"; };
		3F06CF0E19388F73006B8EC0 /* THRAppDelegate.m */ = {isa = PBXFileReference; fileEncoding = 4; lastKnownFileType = sourcecode.c.objc; name = THRAppDelegate.m; path = Application/THRAppDelegate.m; sourceTree = "<group>"; };
		3F06CF1119388F7B006B8EC0 /* main.m */ = {isa = PBXFileReference; fileEncoding = 4; lastKnownFileType = sourcecode.c.objc; name = main.m; path = Supporting/main.m; sourceTree = "<group>"; };
		3F06CF1219388F7B006B8EC0 /* Through-Info.plist */ = {isa = PBXFileReference; fileEncoding = 4; lastKnownFileType = text.plist.xml; name = "Through-Info.plist"; path = "Supporting/Through-Info.plist"; sourceTree = "<group>"; };
		3F06CF1319388F7B006B8EC0 /* Through-Prefix.pch */ = {isa = PBXFileReference; fileEncoding = 4; lastKnownFileType = sourcecode.c.h; name = "Through-Prefix.pch"; path = "Supporting/Through-Prefix.pch"; sourceTree = "<group>"; };
		3F06CF1819388F80006B8EC0 /* en */ = {isa = PBXFileReference; lastKnownFileType = text.plist.strings; name = en; path = en.lproj/InfoPlist.strings; sourceTree = "<group>"; };
		3F0755471938991B00AF1C4D /* AudioToolbox.framework */ = {isa = PBXFileReference; lastKnownFileType = wrapper.framework; name = AudioToolbox.framework; path = System/Library/Frameworks/AudioToolbox.framework; sourceTree = SDKROOT; };
		3F0755491938992100AF1C4D /* CFNetwork.framework */ = {isa = PBXFileReference; lastKnownFileType = wrapper.framework; name = CFNetwork.framework; path = System/Library/Frameworks/CFNetwork.framework; sourceTree = SDKROOT; };
		3F07554B1938993000AF1C4D /* CoreLocation.framework */ = {isa = PBXFileReference; lastKnownFileType = wrapper.framework; name = CoreLocation.framework; path = System/Library/Frameworks/CoreLocation.framework; sourceTree = SDKROOT; };
		3F07554D1938993700AF1C4D /* libz.dylib */ = {isa = PBXFileReference; lastKnownFileType = "compiled.mach-o.dylib"; name = libz.dylib; path = usr/lib/libz.dylib; sourceTree = SDKROOT; };
		3F07554F1938993D00AF1C4D /* MobileCoreServices.framework */ = {isa = PBXFileReference; lastKnownFileType = wrapper.framework; name = MobileCoreServices.framework; path = System/Library/Frameworks/MobileCoreServices.framework; sourceTree = SDKROOT; };
		3F0755511938994300AF1C4D /* QuartzCore.framework */ = {isa = PBXFileReference; lastKnownFileType = wrapper.framework; name = QuartzCore.framework; path = System/Library/Frameworks/QuartzCore.framework; sourceTree = SDKROOT; };
		3F0755531938994A00AF1C4D /* Security.framework */ = {isa = PBXFileReference; lastKnownFileType = wrapper.framework; name = Security.framework; path = System/Library/Frameworks/Security.framework; sourceTree = SDKROOT; };
		3F0755551938995100AF1C4D /* StoreKit.framework */ = {isa = PBXFileReference; lastKnownFileType = wrapper.framework; name = StoreKit.framework; path = System/Library/Frameworks/StoreKit.framework; sourceTree = SDKROOT; };
		3F0755571938995700AF1C4D /* SystemConfiguration.framework */ = {isa = PBXFileReference; lastKnownFileType = wrapper.framework; name = SystemConfiguration.framework; path = System/Library/Frameworks/SystemConfiguration.framework; sourceTree = SDKROOT; };
		3F07555C19389A3D00AF1C4D /* Social.framework */ = {isa = PBXFileReference; lastKnownFileType = wrapper.framework; name = Social.framework; path = System/Library/Frameworks/Social.framework; sourceTree = SDKROOT; };
		3F07555F19389B9E00AF1C4D /* THRConnectViewController.h */ = {isa = PBXFileReference; fileEncoding = 4; lastKnownFileType = sourcecode.c.h; name = THRConnectViewController.h; path = Controllers/THRConnectViewController.h; sourceTree = "<group>"; };
		3F07556019389B9E00AF1C4D /* THRConnectViewController.m */ = {isa = PBXFileReference; fileEncoding = 4; lastKnownFileType = sourcecode.c.objc; name = THRConnectViewController.m; path = Controllers/THRConnectViewController.m; sourceTree = "<group>"; };
		3F07556C19389DA900AF1C4D /* Definitions.h */ = {isa = PBXFileReference; lastKnownFileType = sourcecode.c.h; name = Definitions.h; path = Definitions/Definitions.h; sourceTree = "<group>"; };
		3F0755731938B74D00AF1C4D /* Parse.framework */ = {isa = PBXFileReference; lastKnownFileType = wrapper.framework; name = Parse.framework; path = External/Parse/Parse.framework; sourceTree = SOURCE_ROOT; };
		3F1C484E193B950D002C7E75 /* THRFeedViewController.h */ = {isa = PBXFileReference; fileEncoding = 4; lastKnownFileType = sourcecode.c.h; name = THRFeedViewController.h; path = Controllers/THRFeedViewController.h; sourceTree = "<group>"; };
		3F1C484F193B950D002C7E75 /* THRFeedViewController.m */ = {isa = PBXFileReference; fileEncoding = 4; lastKnownFileType = sourcecode.c.objc; name = THRFeedViewController.m; path = Controllers/THRFeedViewController.m; sourceTree = "<group>"; };
		3F1C4851193B9659002C7E75 /* THRConnectViewController.xib */ = {isa = PBXFileReference; fileEncoding = 4; lastKnownFileType = file.xib; name = THRConnectViewController.xib; path = Views/THRConnectViewController.xib; sourceTree = "<group>"; };
		3F1C4853193B9BE8002C7E75 /* THRServiceTableViewCell.xib */ = {isa = PBXFileReference; fileEncoding = 4; lastKnownFileType = file.xib; name = THRServiceTableViewCell.xib; path = Views/THRServiceTableViewCell.xib; sourceTree = "<group>"; };
		3F1C4855193BA070002C7E75 /* THRFeedViewController.xib */ = {isa = PBXFileReference; fileEncoding = 4; lastKnownFileType = file.xib; name = THRFeedViewController.xib; path = Views/THRFeedViewController.xib; sourceTree = "<group>"; };
		3FB3EA3B193C87B7001ABEED /* THRMediaCollectionViewCell.h */ = {isa = PBXFileReference; fileEncoding = 4; lastKnownFileType = sourcecode.c.h; name = THRMediaCollectionViewCell.h; path = Views/THRMediaCollectionViewCell.h; sourceTree = "<group>"; };
		3FB3EA3C193C87B7001ABEED /* THRMediaCollectionViewCell.m */ = {isa = PBXFileReference; fileEncoding = 4; lastKnownFileType = sourcecode.c.objc; name = THRMediaCollectionViewCell.m; path = Views/THRMediaCollectionViewCell.m; sourceTree = "<group>"; };
		3FB3EA3F193C8916001ABEED /* THRMediaCollectionViewFlowLayout.h */ = {isa = PBXFileReference; fileEncoding = 4; lastKnownFileType = sourcecode.c.h; name = THRMediaCollectionViewFlowLayout.h; path = Extensions/THRMediaCollectionViewFlowLayout.h; sourceTree = "<group>"; };
		3FB3EA40193C8916001ABEED /* THRMediaCollectionViewFlowLayout.m */ = {isa = PBXFileReference; fileEncoding = 4; lastKnownFileType = sourcecode.c.objc; name = THRMediaCollectionViewFlowLayout.m; path = Extensions/THRMediaCollectionViewFlowLayout.m; sourceTree = "<group>"; };
		3FB3EA42193CC51C001ABEED /* THRLabel.h */ = {isa = PBXFileReference; fileEncoding = 4; lastKnownFileType = sourcecode.c.h; name = THRLabel.h; path = Extensions/THRLabel.h; sourceTree = "<group>"; };
		3FB3EA43193CC51C001ABEED /* THRLabel.m */ = {isa = PBXFileReference; fileEncoding = 4; lastKnownFileType = sourcecode.c.objc; name = THRLabel.m; path = Extensions/THRLabel.m; sourceTree = "<group>"; };
		3FB3EA45193CD787001ABEED /* THRSettingsViewController.h */ = {isa = PBXFileReference; fileEncoding = 4; lastKnownFileType = sourcecode.c.h; name = THRSettingsViewController.h; path = Controllers/THRSettingsViewController.h; sourceTree = "<group>"; };
		3FB3EA46193CD787001ABEED /* THRSettingsViewController.m */ = {isa = PBXFileReference; fileEncoding = 4; lastKnownFileType = sourcecode.c.objc; name = THRSettingsViewController.m; path = Controllers/THRSettingsViewController.m; sourceTree = "<group>"; };
		3FC6B5CD193A15AC00D57D1E /* THRLoginViewController.h */ = {isa = PBXFileReference; fileEncoding = 4; lastKnownFileType = sourcecode.c.h; name = THRLoginViewController.h; path = Controllers/THRLoginViewController.h; sourceTree = "<group>"; };
		3FC6B5CE193A15AC00D57D1E /* THRLoginViewController.m */ = {isa = PBXFileReference; fileEncoding = 4; lastKnownFileType = sourcecode.c.objc; name = THRLoginViewController.m; path = Controllers/THRLoginViewController.m; sourceTree = "<group>"; };
		3FC6B5D4193A16FA00D57D1E /* THRLoginForm.h */ = {isa = PBXFileReference; fileEncoding = 4; lastKnownFileType = sourcecode.c.h; name = THRLoginForm.h; path = Models/THRLoginForm.h; sourceTree = "<group>"; };
		3FC6B5D5193A16FA00D57D1E /* THRLoginForm.m */ = {isa = PBXFileReference; fileEncoding = 4; lastKnownFileType = sourcecode.c.objc; name = THRLoginForm.m; path = Models/THRLoginForm.m; sourceTree = "<group>"; };
		3FC6B5D7193A1C4900D57D1E /* THRRootForm.h */ = {isa = PBXFileReference; fileEncoding = 4; lastKnownFileType = sourcecode.c.h; name = THRRootForm.h; path = Models/THRRootForm.h; sourceTree = "<group>"; };
		3FC6B5D8193A1C4900D57D1E /* THRRootForm.m */ = {isa = PBXFileReference; fileEncoding = 4; lastKnownFileType = sourcecode.c.objc; name = THRRootForm.m; path = Models/THRRootForm.m; sourceTree = "<group>"; };
		3FC6B5DA193A1C7F00D57D1E /* THRRegistrationForm.h */ = {isa = PBXFileReference; fileEncoding = 4; lastKnownFileType = sourcecode.c.h; name = THRRegistrationForm.h; path = Models/THRRegistrationForm.h; sourceTree = "<group>"; };
		3FC6B5DB193A1C7F00D57D1E /* THRRegistrationForm.m */ = {isa = PBXFileReference; fileEncoding = 4; lastKnownFileType = sourcecode.c.objc; name = THRRegistrationForm.m; path = Models/THRRegistrationForm.m; sourceTree = "<group>"; };
		A04B93071945D663007770F0 /* THRPrivacyPolicyViewController.h */ = {isa = PBXFileReference; fileEncoding = 4; lastKnownFileType = sourcecode.c.h; name = THRPrivacyPolicyViewController.h; path = Controllers/THRPrivacyPolicyViewController.h; sourceTree = "<group>"; };
		A04B93081945D663007770F0 /* THRPrivacyPolicyViewController.m */ = {isa = PBXFileReference; fileEncoding = 4; lastKnownFileType = sourcecode.c.objc; name = THRPrivacyPolicyViewController.m; path = Controllers/THRPrivacyPolicyViewController.m; sourceTree = "<group>"; };
		A04B930A1945DEEC007770F0 /* THRTermsOfUseViewController.h */ = {isa = PBXFileReference; fileEncoding = 4; lastKnownFileType = sourcecode.c.h; name = THRTermsOfUseViewController.h; path = Controllers/THRTermsOfUseViewController.h; sourceTree = "<group>"; };
		A04B930B1945DEEC007770F0 /* THRTermsOfUseViewController.m */ = {isa = PBXFileReference; fileEncoding = 4; lastKnownFileType = sourcecode.c.objc; name = THRTermsOfUseViewController.m; path = Controllers/THRTermsOfUseViewController.m; sourceTree = "<group>"; };
		A05D6A65193E339A00C0F67E /* THRSettingsViewController.xib */ = {isa = PBXFileReference; fileEncoding = 4; lastKnownFileType = file.xib; name = THRSettingsViewController.xib; path = Views/THRSettingsViewController.xib; sourceTree = "<group>"; };
		A05D6A69193E35C800C0F67E /* THRSettingTableViewCell.xib */ = {isa = PBXFileReference; fileEncoding = 4; lastKnownFileType = file.xib; name = THRSettingTableViewCell.xib; path = Views/THRSettingTableViewCell.xib; sourceTree = "<group>"; };
		A05D6A6D193E3B3A00C0F67E /* Pods-Through-acknowledgements.plist */ = {isa = PBXFileReference; fileEncoding = 4; lastKnownFileType = text.plist.xml; name = "Pods-Through-acknowledgements.plist"; path = "Pods/Pods-Through-acknowledgements.plist"; sourceTree = SOURCE_ROOT; };
		A05D6A72193E3CA100C0F67E /* THRDeveloperViewController.h */ = {isa = PBXFileReference; fileEncoding = 4; lastKnownFileType = sourcecode.c.h; name = THRDeveloperViewController.h; path = Controllers/THRDeveloperViewController.h; sourceTree = "<group>"; };
		A05D6A73193E3CA100C0F67E /* THRDeveloperViewController.m */ = {isa = PBXFileReference; fileEncoding = 4; lastKnownFileType = sourcecode.c.objc; name = THRDeveloperViewController.m; path = Controllers/THRDeveloperViewController.m; sourceTree = "<group>"; };
		A05D6A75193E3CB400C0F67E /* THRDeveloperViewController.xib */ = {isa = PBXFileReference; fileEncoding = 4; lastKnownFileType = file.xib; name = THRDeveloperViewController.xib; path = Views/THRDeveloperViewController.xib; sourceTree = "<group>"; };
		A05D6A77193E3EE500C0F67E /* THRDeveloperInfoTableViewCell.xib */ = {isa = PBXFileReference; fileEncoding = 4; lastKnownFileType = file.xib; name = THRDeveloperInfoTableViewCell.xib; path = Views/THRDeveloperInfoTableViewCell.xib; sourceTree = "<group>"; };
		A05D6A7A193E44B700C0F67E /* iLink.h */ = {isa = PBXFileReference; fileEncoding = 4; lastKnownFileType = sourcecode.c.h; path = iLink.h; sourceTree = "<group>"; };
		A05D6A7B193E44B700C0F67E /* iLink.m */ = {isa = PBXFileReference; fileEncoding = 4; lastKnownFileType = sourcecode.c.objc; path = iLink.m; sourceTree = "<group>"; };
		BB9C680D10AD47FF9DBA77D5 /* libPods-Through.a */ = {isa = PBXFileReference; explicitFileType = archive.ar; includeInIndex = 0; path = "libPods-Through.a"; sourceTree = BUILT_PRODUCTS_DIR; };
		D7C909AB65AD42C5AEBE3FBB /* Pods-Through.xcconfig */ = {isa = PBXFileReference; includeInIndex = 1; lastKnownFileType = text.xcconfig; name = "Pods-Through.xcconfig"; path = "Pods/Pods-Through.xcconfig"; sourceTree = "<group>"; };
/* End PBXFileReference section */

/* Begin PBXFrameworksBuildPhase section */
		3F06CED719388EE8006B8EC0 /* Frameworks */ = {
			isa = PBXFrameworksBuildPhase;
			buildActionMask = 2147483647;
			files = (
				3F7373D71938D9340062462F /* Social.framework in Frameworks */,
				3F0755581938995700AF1C4D /* SystemConfiguration.framework in Frameworks */,
				3F0755561938995100AF1C4D /* StoreKit.framework in Frameworks */,
				3F0755541938994A00AF1C4D /* Security.framework in Frameworks */,
				3F0755521938994300AF1C4D /* QuartzCore.framework in Frameworks */,
				3F0755501938993D00AF1C4D /* MobileCoreServices.framework in Frameworks */,
				3F07554E1938993700AF1C4D /* libz.dylib in Frameworks */,
				3F07554C1938993000AF1C4D /* CoreLocation.framework in Frameworks */,
				3F06CEE019388EE8006B8EC0 /* CoreGraphics.framework in Frameworks */,
				3F07554A1938992100AF1C4D /* CFNetwork.framework in Frameworks */,
				3F0755481938991B00AF1C4D /* AudioToolbox.framework in Frameworks */,
				3F0755741938B74D00AF1C4D /* Parse.framework in Frameworks */,
				3F06CEE219388EE8006B8EC0 /* UIKit.framework in Frameworks */,
				3F06CEDE19388EE8006B8EC0 /* Foundation.framework in Frameworks */,
				779F853A7D4C4B3D8FFCF522 /* libPods-Through.a in Frameworks */,
			);
			runOnlyForDeploymentPostprocessing = 0;
		};
/* End PBXFrameworksBuildPhase section */

/* Begin PBXGroup section */
		3F06CED119388EE8006B8EC0 = {
			isa = PBXGroup;
			children = (
				3F075544193898C600AF1C4D /* External */,
				3F06CEE319388EE8006B8EC0 /* Through */,
				3F06CEDC19388EE8006B8EC0 /* Frameworks */,
				3F06CEDB19388EE8006B8EC0 /* Products */,
				D7C909AB65AD42C5AEBE3FBB /* Pods-Through.xcconfig */,
			);
			sourceTree = "<group>";
		};
		3F06CEDB19388EE8006B8EC0 /* Products */ = {
			isa = PBXGroup;
			children = (
				3F06CEDA19388EE8006B8EC0 /* Through.app */,
			);
			name = Products;
			sourceTree = "<group>";
		};
		3F06CEDC19388EE8006B8EC0 /* Frameworks */ = {
			isa = PBXGroup;
			children = (
				3F07555C19389A3D00AF1C4D /* Social.framework */,
				3F0755571938995700AF1C4D /* SystemConfiguration.framework */,
				3F0755551938995100AF1C4D /* StoreKit.framework */,
				3F0755531938994A00AF1C4D /* Security.framework */,
				3F0755511938994300AF1C4D /* QuartzCore.framework */,
				3F07554F1938993D00AF1C4D /* MobileCoreServices.framework */,
				3F07554D1938993700AF1C4D /* libz.dylib */,
				3F07554B1938993000AF1C4D /* CoreLocation.framework */,
				3F0755491938992100AF1C4D /* CFNetwork.framework */,
				3F0755471938991B00AF1C4D /* AudioToolbox.framework */,
				3F06CEDD19388EE8006B8EC0 /* Foundation.framework */,
				3F06CEDF19388EE8006B8EC0 /* CoreGraphics.framework */,
				3F06CEE119388EE8006B8EC0 /* UIKit.framework */,
				3F06CEF619388EE8006B8EC0 /* XCTest.framework */,
				BB9C680D10AD47FF9DBA77D5 /* libPods-Through.a */,
			);
			name = Frameworks;
			sourceTree = "<group>";
		};
		3F06CEE319388EE8006B8EC0 /* Through */ = {
			isa = PBXGroup;
			children = (
				3F06CF0C19388F11006B8EC0 /* Application */,
				3F07555E19389B4700AF1C4D /* Controllers */,
				3F07556A19389D7500AF1C4D /* Definitions */,
				3FB3EA3E193C88E0001ABEED /* Extensions */,
				3F06CEEF19388EE8006B8EC0 /* Images.xcassets */,
				3FC6B5D3193A16D900D57D1E /* Models */,
				3F06CEE419388EE8006B8EC0 /* Supporting */,
				3F0755591938997A00AF1C4D /* Views */,
			);
			path = Through;
			sourceTree = "<group>";
		};
		3F06CEE419388EE8006B8EC0 /* Supporting */ = {
			isa = PBXGroup;
			children = (
				A05D6A6D193E3B3A00C0F67E /* Pods-Through-acknowledgements.plist */,
				3F06CF1919388F80006B8EC0 /* InfoPlist.strings */,
				3F06CF1119388F7B006B8EC0 /* main.m */,
				3F06CF1219388F7B006B8EC0 /* Through-Info.plist */,
				3F06CF1319388F7B006B8EC0 /* Through-Prefix.pch */,
			);
			name = Supporting;
			sourceTree = "<group>";
		};
		3F06CF0C19388F11006B8EC0 /* Application */ = {
			isa = PBXGroup;
			children = (
				3F06CF0D19388F73006B8EC0 /* THRAppDelegate.h */,
				3F06CF0E19388F73006B8EC0 /* THRAppDelegate.m */,
			);
			name = Application;
			sourceTree = "<group>";
		};
		3F075544193898C600AF1C4D /* External */ = {
			isa = PBXGroup;
			children = (
				A05D6A79193E44B700C0F67E /* iLink */,
				3F0755721938B74400AF1C4D /* Parse */,
			);
			name = External;
			path = Through;
			sourceTree = "<group>";
		};
		3F0755591938997A00AF1C4D /* Views */ = {
			isa = PBXGroup;
			children = (
				3F1C4851193B9659002C7E75 /* THRConnectViewController.xib */,
				3F1C4853193B9BE8002C7E75 /* THRServiceTableViewCell.xib */,
				3F1C4855193BA070002C7E75 /* THRFeedViewController.xib */,
				A05D6A65193E339A00C0F67E /* THRSettingsViewController.xib */,
				3FB3EA3B193C87B7001ABEED /* THRMediaCollectionViewCell.h */,
				3FB3EA3C193C87B7001ABEED /* THRMediaCollectionViewCell.m */,
				A05D6A69193E35C800C0F67E /* THRSettingTableViewCell.xib */,
				A05D6A75193E3CB400C0F67E /* THRDeveloperViewController.xib */,
				A05D6A77193E3EE500C0F67E /* THRDeveloperInfoTableViewCell.xib */,
			);
			name = Views;
			sourceTree = "<group>";
		};
		3F07555E19389B4700AF1C4D /* Controllers */ = {
			isa = PBXGroup;
			children = (
				3FC6B5CD193A15AC00D57D1E /* THRLoginViewController.h */,
				3FC6B5CE193A15AC00D57D1E /* THRLoginViewController.m */,
				3F07555F19389B9E00AF1C4D /* THRConnectViewController.h */,
				3F07556019389B9E00AF1C4D /* THRConnectViewController.m */,
				3F1C484E193B950D002C7E75 /* THRFeedViewController.h */,
				3F1C484F193B950D002C7E75 /* THRFeedViewController.m */,
				3FB3EA45193CD787001ABEED /* THRSettingsViewController.h */,
				3FB3EA46193CD787001ABEED /* THRSettingsViewController.m */,
				A05D6A72193E3CA100C0F67E /* THRDeveloperViewController.h */,
				A05D6A73193E3CA100C0F67E /* THRDeveloperViewController.m */,
				A04B93071945D663007770F0 /* THRPrivacyPolicyViewController.h */,
				A04B93081945D663007770F0 /* THRPrivacyPolicyViewController.m */,
				A04B930A1945DEEC007770F0 /* THRTermsOfUseViewController.h */,
				A04B930B1945DEEC007770F0 /* THRTermsOfUseViewController.m */,
			);
			name = Controllers;
			sourceTree = "<group>";
		};
		3F07556A19389D7500AF1C4D /* Definitions */ = {
			isa = PBXGroup;
			children = (
				3F07556C19389DA900AF1C4D /* Definitions.h */,
			);
			name = Definitions;
			sourceTree = "<group>";
		};
		3F0755721938B74400AF1C4D /* Parse */ = {
			isa = PBXGroup;
			children = (
				3F0755731938B74D00AF1C4D /* Parse.framework */,
			);
			name = Parse;
			sourceTree = "<group>";
		};
		3FB3EA3E193C88E0001ABEED /* Extensions */ = {
			isa = PBXGroup;
			children = (
				3FB3EA3F193C8916001ABEED /* THRMediaCollectionViewFlowLayout.h */,
				3FB3EA40193C8916001ABEED /* THRMediaCollectionViewFlowLayout.m */,
				3FB3EA42193CC51C001ABEED /* THRLabel.h */,
				3FB3EA43193CC51C001ABEED /* THRLabel.m */,
			);
			name = Extensions;
			sourceTree = "<group>";
		};
		3FC6B5D3193A16D900D57D1E /* Models */ = {
			isa = PBXGroup;
			children = (
				3FC6B5D7193A1C4900D57D1E /* THRRootForm.h */,
				3FC6B5D8193A1C4900D57D1E /* THRRootForm.m */,
				3FC6B5D4193A16FA00D57D1E /* THRLoginForm.h */,
				3FC6B5D5193A16FA00D57D1E /* THRLoginForm.m */,
				3FC6B5DA193A1C7F00D57D1E /* THRRegistrationForm.h */,
				3FC6B5DB193A1C7F00D57D1E /* THRRegistrationForm.m */,
			);
			name = Models;
			sourceTree = "<group>";
		};
		A05D6A79193E44B700C0F67E /* iLink */ = {
			isa = PBXGroup;
			children = (
				A05D6A7A193E44B700C0F67E /* iLink.h */,
				A05D6A7B193E44B700C0F67E /* iLink.m */,
			);
			name = iLink;
			path = External/iLink/iLink;
			sourceTree = SOURCE_ROOT;
		};
/* End PBXGroup section */

/* Begin PBXNativeTarget section */
		3F06CED919388EE8006B8EC0 /* Through */ = {
			isa = PBXNativeTarget;
			buildConfigurationList = 3F06CF0619388EE8006B8EC0 /* Build configuration list for PBXNativeTarget "Through" */;
			buildPhases = (
				41C4DDAF0C6441EE8A4EA7FF /* Check Pods Manifest.lock */,
				3F06CED619388EE8006B8EC0 /* Sources */,
				3F06CED719388EE8006B8EC0 /* Frameworks */,
				3F06CED819388EE8006B8EC0 /* Resources */,
				07BD0E17F03C4B669D2B24FF /* Copy Pods Resources */,
			);
			buildRules = (
			);
			dependencies = (
			);
			name = Through;
			productName = Through;
			productReference = 3F06CEDA19388EE8006B8EC0 /* Through.app */;
			productType = "com.apple.product-type.application";
		};
/* End PBXNativeTarget section */

/* Begin PBXProject section */
		3F06CED219388EE8006B8EC0 /* Project object */ = {
			isa = PBXProject;
			attributes = {
				CLASSPREFIX = THR;
				LastUpgradeCheck = 0510;
				ORGANIZATIONNAME = "Renzo Crisóstomo";
			};
			buildConfigurationList = 3F06CED519388EE8006B8EC0 /* Build configuration list for PBXProject "Through" */;
			compatibilityVersion = "Xcode 3.2";
			developmentRegion = English;
			hasScannedForEncodings = 0;
			knownRegions = (
				en,
			);
			mainGroup = 3F06CED119388EE8006B8EC0;
			productRefGroup = 3F06CEDB19388EE8006B8EC0 /* Products */;
			projectDirPath = "";
			projectRoot = "";
			targets = (
				3F06CED919388EE8006B8EC0 /* Through */,
			);
		};
/* End PBXProject section */

/* Begin PBXResourcesBuildPhase section */
		3F06CED819388EE8006B8EC0 /* Resources */ = {
			isa = PBXResourcesBuildPhase;
			buildActionMask = 2147483647;
			files = (
				A05D6A66193E339A00C0F67E /* THRSettingsViewController.xib in Resources */,
				A05D6A6E193E3B3A00C0F67E /* Pods-Through-acknowledgements.plist in Resources */,
				3F06CEF019388EE8006B8EC0 /* Images.xcassets in Resources */,
				3F06CF1719388F80006B8EC0 /* InfoPlist.strings in Resources */,
				A05D6A76193E3CB400C0F67E /* THRDeveloperViewController.xib in Resources */,
				A05D6A78193E3EE500C0F67E /* THRDeveloperInfoTableViewCell.xib in Resources */,
				A05D6A6A193E35C800C0F67E /* THRSettingTableViewCell.xib in Resources */,
				3F1C4854193B9BE8002C7E75 /* THRServiceTableViewCell.xib in Resources */,
				3F1C4852193B9659002C7E75 /* THRConnectViewController.xib in Resources */,
				3F1C4856193BA070002C7E75 /* THRFeedViewController.xib in Resources */,
			);
			runOnlyForDeploymentPostprocessing = 0;
		};
/* End PBXResourcesBuildPhase section */

/* Begin PBXShellScriptBuildPhase section */
		07BD0E17F03C4B669D2B24FF /* Copy Pods Resources */ = {
			isa = PBXShellScriptBuildPhase;
			buildActionMask = 2147483647;
			files = (
			);
			inputPaths = (
			);
			name = "Copy Pods Resources";
			outputPaths = (
			);
			runOnlyForDeploymentPostprocessing = 0;
			shellPath = /bin/sh;
			shellScript = "\"${SRCROOT}/Pods/Pods-Through-resources.sh\"\n";
			showEnvVarsInLog = 0;
		};
		41C4DDAF0C6441EE8A4EA7FF /* Check Pods Manifest.lock */ = {
			isa = PBXShellScriptBuildPhase;
			buildActionMask = 2147483647;
			files = (
			);
			inputPaths = (
			);
			name = "Check Pods Manifest.lock";
			outputPaths = (
			);
			runOnlyForDeploymentPostprocessing = 0;
			shellPath = /bin/sh;
			shellScript = "diff \"${PODS_ROOT}/../Podfile.lock\" \"${PODS_ROOT}/Manifest.lock\" > /dev/null\nif [[ $? != 0 ]] ; then\n    cat << EOM\nerror: The sandbox is not in sync with the Podfile.lock. Run 'pod install' or update your CocoaPods installation.\nEOM\n    exit 1\nfi\n";
			showEnvVarsInLog = 0;
		};
/* End PBXShellScriptBuildPhase section */

/* Begin PBXSourcesBuildPhase section */
		3F06CED619388EE8006B8EC0 /* Sources */ = {
			isa = PBXSourcesBuildPhase;
			buildActionMask = 2147483647;
			files = (
				3FB3EA41193C8916001ABEED /* THRMediaCollectionViewFlowLayout.m in Sources */,
				3F06CF1519388F7B006B8EC0 /* main.m in Sources */,
				A04B930C1945DEEC007770F0 /* THRTermsOfUseViewController.m in Sources */,
				3FC6B5D6193A16FA00D57D1E /* THRLoginForm.m in Sources */,
				3FB3EA44193CC51C001ABEED /* THRLabel.m in Sources */,
				3FB3EA3D193C87B7001ABEED /* THRMediaCollectionViewCell.m in Sources */,
				3F1C4850193B950D002C7E75 /* THRFeedViewController.m in Sources */,
				3FC6B5CF193A15AC00D57D1E /* THRLoginViewController.m in Sources */,
				3F06CF0F19388F73006B8EC0 /* THRAppDelegate.m in Sources */,
				3FB3EA47193CD787001ABEED /* THRSettingsViewController.m in Sources */,
				A05D6A7C193E44B700C0F67E /* iLink.m in Sources */,
				A05D6A74193E3CA100C0F67E /* THRDeveloperViewController.m in Sources */,
				3FC6B5D9193A1C4900D57D1E /* THRRootForm.m in Sources */,
				A04B93091945D663007770F0 /* THRPrivacyPolicyViewController.m in Sources */,
				3F07556119389B9E00AF1C4D /* THRConnectViewController.m in Sources */,
				3FC6B5DC193A1C7F00D57D1E /* THRRegistrationForm.m in Sources */,
			);
			runOnlyForDeploymentPostprocessing = 0;
		};
/* End PBXSourcesBuildPhase section */

/* Begin PBXVariantGroup section */
		3F06CF1919388F80006B8EC0 /* InfoPlist.strings */ = {
			isa = PBXVariantGroup;
			children = (
				3F06CF1819388F80006B8EC0 /* en */,
			);
			name = InfoPlist.strings;
			path = Supporting;
			sourceTree = "<group>";
		};
/* End PBXVariantGroup section */

/* Begin XCBuildConfiguration section */
		3F06CF0419388EE8006B8EC0 /* Debug */ = {
			isa = XCBuildConfiguration;
			buildSettings = {
				ALWAYS_SEARCH_USER_PATHS = NO;
				CLANG_CXX_LANGUAGE_STANDARD = "gnu++0x";
				CLANG_CXX_LIBRARY = "libc++";
				CLANG_ENABLE_MODULES = YES;
				CLANG_ENABLE_OBJC_ARC = YES;
				CLANG_WARN_BOOL_CONVERSION = YES;
				CLANG_WARN_CONSTANT_CONVERSION = YES;
				CLANG_WARN_DIRECT_OBJC_ISA_USAGE = YES_ERROR;
				CLANG_WARN_EMPTY_BODY = YES;
				CLANG_WARN_ENUM_CONVERSION = YES;
				CLANG_WARN_INT_CONVERSION = YES;
				CLANG_WARN_OBJC_ROOT_CLASS = YES_ERROR;
				CLANG_WARN__DUPLICATE_METHOD_MATCH = YES;
				"CODE_SIGN_IDENTITY[sdk=iphoneos*]" = "iPhone Developer";
				COPY_PHASE_STRIP = NO;
				GCC_C_LANGUAGE_STANDARD = gnu99;
				GCC_DYNAMIC_NO_PIC = NO;
				GCC_OPTIMIZATION_LEVEL = 0;
				GCC_PREPROCESSOR_DEFINITIONS = (
					"DEBUG=1",
					"$(inherited)",
				);
				GCC_SYMBOLS_PRIVATE_EXTERN = NO;
				GCC_WARN_64_TO_32_BIT_CONVERSION = YES;
				GCC_WARN_ABOUT_RETURN_TYPE = YES_ERROR;
				GCC_WARN_UNDECLARED_SELECTOR = YES;
				GCC_WARN_UNINITIALIZED_AUTOS = YES_AGGRESSIVE;
				GCC_WARN_UNUSED_FUNCTION = YES;
				GCC_WARN_UNUSED_VARIABLE = YES;
				IPHONEOS_DEPLOYMENT_TARGET = 7.0;
				ONLY_ACTIVE_ARCH = YES;
				SDKROOT = iphoneos;
			};
			name = Debug;
		};
		3F06CF0519388EE8006B8EC0 /* Release */ = {
			isa = XCBuildConfiguration;
			buildSettings = {
				ALWAYS_SEARCH_USER_PATHS = NO;
				CLANG_CXX_LANGUAGE_STANDARD = "gnu++0x";
				CLANG_CXX_LIBRARY = "libc++";
				CLANG_ENABLE_MODULES = YES;
				CLANG_ENABLE_OBJC_ARC = YES;
				CLANG_WARN_BOOL_CONVERSION = YES;
				CLANG_WARN_CONSTANT_CONVERSION = YES;
				CLANG_WARN_DIRECT_OBJC_ISA_USAGE = YES_ERROR;
				CLANG_WARN_EMPTY_BODY = YES;
				CLANG_WARN_ENUM_CONVERSION = YES;
				CLANG_WARN_INT_CONVERSION = YES;
				CLANG_WARN_OBJC_ROOT_CLASS = YES_ERROR;
				CLANG_WARN__DUPLICATE_METHOD_MATCH = YES;
				"CODE_SIGN_IDENTITY[sdk=iphoneos*]" = "iPhone Developer";
				COPY_PHASE_STRIP = YES;
				ENABLE_NS_ASSERTIONS = NO;
				GCC_C_LANGUAGE_STANDARD = gnu99;
				GCC_WARN_64_TO_32_BIT_CONVERSION = YES;
				GCC_WARN_ABOUT_RETURN_TYPE = YES_ERROR;
				GCC_WARN_UNDECLARED_SELECTOR = YES;
				GCC_WARN_UNINITIALIZED_AUTOS = YES_AGGRESSIVE;
				GCC_WARN_UNUSED_FUNCTION = YES;
				GCC_WARN_UNUSED_VARIABLE = YES;
				IPHONEOS_DEPLOYMENT_TARGET = 7.0;
				SDKROOT = iphoneos;
				VALIDATE_PRODUCT = YES;
			};
			name = Release;
		};
		3F06CF0719388EE8006B8EC0 /* Debug */ = {
			isa = XCBuildConfiguration;
			baseConfigurationReference = D7C909AB65AD42C5AEBE3FBB /* Pods-Through.xcconfig */;
			buildSettings = {
				ASSETCATALOG_COMPILER_APPICON_NAME = AppIcon;
				ASSETCATALOG_COMPILER_LAUNCHIMAGE_NAME = LaunchImage;
				CODE_SIGN_IDENTITY = "iPhone Developer";
				FRAMEWORK_SEARCH_PATHS = (
					"$(inherited)",
					"$(PROJECT_DIR)/External",
					"$(PROJECT_DIR)/External/Parse",
				);
				GCC_PRECOMPILE_PREFIX_HEADER = YES;
				GCC_PREFIX_HEADER = "Through/Supporting/Through-Prefix.pch";
				INFOPLIST_FILE = "$(SRCROOT)/Through/Supporting/Through-Info.plist";
				PRODUCT_NAME = "$(TARGET_NAME)";
				PROVISIONING_PROFILE = "7C069CA5-E6FC-490E-B9BF-7A168DDC8ABF";
				WRAPPER_EXTENSION = app;
			};
			name = Debug;
		};
		3F06CF0819388EE8006B8EC0 /* Release */ = {
			isa = XCBuildConfiguration;
			baseConfigurationReference = D7C909AB65AD42C5AEBE3FBB /* Pods-Through.xcconfig */;
			buildSettings = {
				ASSETCATALOG_COMPILER_APPICON_NAME = AppIcon;
				ASSETCATALOG_COMPILER_LAUNCHIMAGE_NAME = LaunchImage;
				CODE_SIGN_IDENTITY = "iPhone Developer";
				FRAMEWORK_SEARCH_PATHS = (
					"$(inherited)",
					"$(PROJECT_DIR)/External",
					"$(PROJECT_DIR)/External/Parse",
				);
				GCC_PRECOMPILE_PREFIX_HEADER = YES;
				GCC_PREFIX_HEADER = "Through/Supporting/Through-Prefix.pch";
				INFOPLIST_FILE = "$(SRCROOT)/Through/Supporting/Through-Info.plist";
				PRODUCT_NAME = "$(TARGET_NAME)";
				PROVISIONING_PROFILE = "D96F38F4-3866-4F1D-BD53-C2820B2C6A66";
				WRAPPER_EXTENSION = app;
			};
			name = Release;
		};
/* End XCBuildConfiguration section */

/* Begin XCConfigurationList section */
		3F06CED519388EE8006B8EC0 /* Build configuration list for PBXProject "Through" */ = {
			isa = XCConfigurationList;
			buildConfigurations = (
				3F06CF0419388EE8006B8EC0 /* Debug */,
				3F06CF0519388EE8006B8EC0 /* Release */,
			);
			defaultConfigurationIsVisible = 0;
			defaultConfigurationName = Release;
		};
		3F06CF0619388EE8006B8EC0 /* Build configuration list for PBXNativeTarget "Through" */ = {
			isa = XCConfigurationList;
			buildConfigurations = (
				3F06CF0719388EE8006B8EC0 /* Debug */,
				3F06CF0819388EE8006B8EC0 /* Release */,
			);
			defaultConfigurationIsVisible = 0;
			defaultConfigurationName = Release;
		};
/* End XCConfigurationList section */
	};
	rootObject = 3F06CED219388EE8006B8EC0 /* Project object */;
}
