// !$*UTF8*$!
{
	archiveVersion = 1;
	classes = {
	};
	objectVersion = 46;
	objects = {

/* Begin PBXBuildFile section */
		3F06CEDE19388EE8006B8EC0 /* Foundation.framework in Frameworks */ = {isa = PBXBuildFile; fileRef = 3F06CEDD19388EE8006B8EC0 /* Foundation.framework */; };
		3F06CEE019388EE8006B8EC0 /* CoreGraphics.framework in Frameworks */ = {isa = PBXBuildFile; fileRef = 3F06CEDF19388EE8006B8EC0 /* CoreGraphics.framework */; };
		3F06CEE219388EE8006B8EC0 /* UIKit.framework in Frameworks */ = {isa = PBXBuildFile; fileRef = 3F06CEE119388EE8006B8EC0 /* UIKit.framework */; };
		3F06CEF019388EE8006B8EC0 /* Images.xcassets in Resources */ = {isa = PBXBuildFile; fileRef = 3F06CEEF19388EE8006B8EC0 /* Images.xcassets */; };
		3F06CF0F19388F73006B8EC0 /* THRAppDelegate.m in Sources */ = {isa = PBXBuildFile; fileRef = 3F06CF0E19388F73006B8EC0 /* THRAppDelegate.m */; };
		3F06CF1519388F7B006B8EC0 /* main.m in Sources */ = {isa = PBXBuildFile; fileRef = 3F06CF1119388F7B006B8EC0 /* main.m */; };
		3F06CF1719388F80006B8EC0 /* InfoPlist.strings in Resources */ = {isa = PBXBuildFile; fileRef = 3F06CF1919388F80006B8EC0 /* InfoPlist.strings */; };
/* End PBXBuildFile section */

/* Begin PBXFileReference section */
		3F06CEDA19388EE8006B8EC0 /* Through.app */ = {isa = PBXFileReference; explicitFileType = wrapper.application; includeInIndex = 0; path = Through.app; sourceTree = BUILT_PRODUCTS_DIR; };
		3F06CEDD19388EE8006B8EC0 /* Foundation.framework */ = {isa = PBXFileReference; lastKnownFileType = wrapper.framework; name = Foundation.framework; path = System/Library/Frameworks/Foundation.framework; sourceTree = SDKROOT; };
		3F06CEDF19388EE8006B8EC0 /* CoreGraphics.framework */ = {isa = PBXFileReference; lastKnownFileType = wrapper.framework; name = CoreGraphics.framework; path = System/Library/Frameworks/CoreGraphics.framework; sourceTree = SDKROOT; };
		3F06CEE119388EE8006B8EC0 /* UIKit.framework */ = {isa = PBXFileReference; lastKnownFileType = wrapper.framework; name = UIKit.framework; path = System/Library/Frameworks/UIKit.framework; sourceTree = SDKROOT; };
		3F06CEEF19388EE8006B8EC0 /* Images.xcassets */ = {isa = PBXFileReference; lastKnownFileType = folder.assetcatalog; path = Images.xcassets; sourceTree = "<group>"; };
		3F06CEF619388EE8006B8EC0 /* XCTest.framework */ = {isa = PBXFileReference; lastKnownFileType = wrapper.framework; name = XCTest.framework; path = Library/Frameworks/XCTest.framework; sourceTree = DEVELOPER_DIR; };
		3F06CF0D19388F73006B8EC0 /* THRAppDelegate.h */ = {isa = PBXFileReference; fileEncoding = 4; lastKnownFileType = sourcecode.c.h; name = THRAppDelegate.h; path = Application/THRAppDelegate.h; sourceTree = "<group>"; };
		3F06CF0E19388F73006B8EC0 /* THRAppDelegate.m */ = {isa = PBXFileReference; fileEncoding = 4; lastKnownFileType = sourcecode.c.objc; name = THRAppDelegate.m; path = Application/THRAppDelegate.m; sourceTree = "<group>"; };
		3F06CF1119388F7B006B8EC0 /* main.m */ = {isa = PBXFileReference; fileEncoding = 4; lastKnownFileType = sourcecode.c.objc; name = main.m; path = Supporting/main.m; sourceTree = "<group>"; };
		3F06CF1219388F7B006B8EC0 /* Through-Info.plist */ = {isa = PBXFileReference; fileEncoding = 4; lastKnownFileType = text.plist.xml; name = "Through-Info.plist"; path = "Supporting/Through-Info.plist"; sourceTree = "<group>"; };
		3F06CF1319388F7B006B8EC0 /* Through-Prefix.pch */ = {isa = PBXFileReference; fileEncoding = 4; lastKnownFileType = sourcecode.c.h; name = "Through-Prefix.pch"; path = "Supporting/Through-Prefix.pch"; sourceTree = "<group>"; };
		3F06CF1819388F80006B8EC0 /* en */ = {isa = PBXFileReference; lastKnownFileType = text.plist.strings; name = en; path = en.lproj/InfoPlist.strings; sourceTree = "<group>"; };
/* End PBXFileReference section */

/* Begin PBXFrameworksBuildPhase section */
		3F06CED719388EE8006B8EC0 /* Frameworks */ = {
			isa = PBXFrameworksBuildPhase;
			buildActionMask = 2147483647;
			files = (
				3F06CEE019388EE8006B8EC0 /* CoreGraphics.framework in Frameworks */,
				3F06CEE219388EE8006B8EC0 /* UIKit.framework in Frameworks */,
				3F06CEDE19388EE8006B8EC0 /* Foundation.framework in Frameworks */,
			);
			runOnlyForDeploymentPostprocessing = 0;
		};
/* End PBXFrameworksBuildPhase section */

/* Begin PBXGroup section */
		3F06CED119388EE8006B8EC0 = {
			isa = PBXGroup;
			children = (
				3F06CEE319388EE8006B8EC0 /* Through */,
				3F06CEDC19388EE8006B8EC0 /* Frameworks */,
				3F06CEDB19388EE8006B8EC0 /* Products */,
			);
			sourceTree = "<group>";
		};
		3F06CEDB19388EE8006B8EC0 /* Products */ = {
			isa = PBXGroup;
			children = (
				3F06CEDA19388EE8006B8EC0 /* Through.app */,
			);
			name = Products;
			sourceTree = "<group>";
		};
		3F06CEDC19388EE8006B8EC0 /* Frameworks */ = {
			isa = PBXGroup;
			children = (
				3F06CEDD19388EE8006B8EC0 /* Foundation.framework */,
				3F06CEDF19388EE8006B8EC0 /* CoreGraphics.framework */,
				3F06CEE119388EE8006B8EC0 /* UIKit.framework */,
				3F06CEF619388EE8006B8EC0 /* XCTest.framework */,
			);
			name = Frameworks;
			sourceTree = "<group>";
		};
		3F06CEE319388EE8006B8EC0 /* Through */ = {
			isa = PBXGroup;
			children = (
				3F06CF0C19388F11006B8EC0 /* Application */,
				3F06CEEF19388EE8006B8EC0 /* Images.xcassets */,
				3F06CEE419388EE8006B8EC0 /* Supporting */,
			);
			path = Through;
			sourceTree = "<group>";
		};
		3F06CEE419388EE8006B8EC0 /* Supporting */ = {
			isa = PBXGroup;
			children = (
				3F06CF1919388F80006B8EC0 /* InfoPlist.strings */,
				3F06CF1119388F7B006B8EC0 /* main.m */,
				3F06CF1219388F7B006B8EC0 /* Through-Info.plist */,
				3F06CF1319388F7B006B8EC0 /* Through-Prefix.pch */,
			);
			name = Supporting;
			sourceTree = "<group>";
		};
		3F06CF0C19388F11006B8EC0 /* Application */ = {
			isa = PBXGroup;
			children = (
				3F06CF0D19388F73006B8EC0 /* THRAppDelegate.h */,
				3F06CF0E19388F73006B8EC0 /* THRAppDelegate.m */,
			);
			name = Application;
			sourceTree = "<group>";
		};
/* End PBXGroup section */

/* Begin PBXNativeTarget section */
		3F06CED919388EE8006B8EC0 /* Through */ = {
			isa = PBXNativeTarget;
			buildConfigurationList = 3F06CF0619388EE8006B8EC0 /* Build configuration list for PBXNativeTarget "Through" */;
			buildPhases = (
				3F06CED619388EE8006B8EC0 /* Sources */,
				3F06CED719388EE8006B8EC0 /* Frameworks */,
				3F06CED819388EE8006B8EC0 /* Resources */,
			);
			buildRules = (
			);
			dependencies = (
			);
			name = Through;
			productName = Through;
			productReference = 3F06CEDA19388EE8006B8EC0 /* Through.app */;
			productType = "com.apple.product-type.application";
		};
/* End PBXNativeTarget section */

/* Begin PBXProject section */
		3F06CED219388EE8006B8EC0 /* Project object */ = {
			isa = PBXProject;
			attributes = {
				CLASSPREFIX = THR;
				LastUpgradeCheck = 0510;
				ORGANIZATIONNAME = "Renzo Crisóstomo";
			};
			buildConfigurationList = 3F06CED519388EE8006B8EC0 /* Build configuration list for PBXProject "Through" */;
			compatibilityVersion = "Xcode 3.2";
			developmentRegion = English;
			hasScannedForEncodings = 0;
			knownRegions = (
				en,
			);
			mainGroup = 3F06CED119388EE8006B8EC0;
			productRefGroup = 3F06CEDB19388EE8006B8EC0 /* Products */;
			projectDirPath = "";
			projectRoot = "";
			targets = (
				3F06CED919388EE8006B8EC0 /* Through */,
			);
		};
/* End PBXProject section */

/* Begin PBXResourcesBuildPhase section */
		3F06CED819388EE8006B8EC0 /* Resources */ = {
			isa = PBXResourcesBuildPhase;
			buildActionMask = 2147483647;
			files = (
				3F06CEF019388EE8006B8EC0 /* Images.xcassets in Resources */,
				3F06CF1719388F80006B8EC0 /* InfoPlist.strings in Resources */,
			);
			runOnlyForDeploymentPostprocessing = 0;
		};
/* End PBXResourcesBuildPhase section */

/* Begin PBXSourcesBuildPhase section */
		3F06CED619388EE8006B8EC0 /* Sources */ = {
			isa = PBXSourcesBuildPhase;
			buildActionMask = 2147483647;
			files = (
				3F06CF1519388F7B006B8EC0 /* main.m in Sources */,
				3F06CF0F19388F73006B8EC0 /* THRAppDelegate.m in Sources */,
			);
			runOnlyForDeploymentPostprocessing = 0;
		};
/* End PBXSourcesBuildPhase section */

/* Begin PBXVariantGroup section */
		3F06CF1919388F80006B8EC0 /* InfoPlist.strings */ = {
			isa = PBXVariantGroup;
			children = (
				3F06CF1819388F80006B8EC0 /* en */,
			);
			name = InfoPlist.strings;
			path = Supporting;
			sourceTree = "<group>";
		};
/* End PBXVariantGroup section */

/* Begin XCBuildConfiguration section */
		3F06CF0419388EE8006B8EC0 /* Debug */ = {
			isa = XCBuildConfiguration;
			buildSettings = {
				ALWAYS_SEARCH_USER_PATHS = NO;
				CLANG_CXX_LANGUAGE_STANDARD = "gnu++0x";
				CLANG_CXX_LIBRARY = "libc++";
				CLANG_ENABLE_MODULES = YES;
				CLANG_ENABLE_OBJC_ARC = YES;
				CLANG_WARN_BOOL_CONVERSION = YES;
				CLANG_WARN_CONSTANT_CONVERSION = YES;
				CLANG_WARN_DIRECT_OBJC_ISA_USAGE = YES_ERROR;
				CLANG_WARN_EMPTY_BODY = YES;
				CLANG_WARN_ENUM_CONVERSION = YES;
				CLANG_WARN_INT_CONVERSION = YES;
				CLANG_WARN_OBJC_ROOT_CLASS = YES_ERROR;
				CLANG_WARN__DUPLICATE_METHOD_MATCH = YES;
				"CODE_SIGN_IDENTITY[sdk=iphoneos*]" = "iPhone Developer";
				COPY_PHASE_STRIP = NO;
				GCC_C_LANGUAGE_STANDARD = gnu99;
				GCC_DYNAMIC_NO_PIC = NO;
				GCC_OPTIMIZATION_LEVEL = 0;
				GCC_PREPROCESSOR_DEFINITIONS = (
					"DEBUG=1",
					"$(inherited)",
				);
				GCC_SYMBOLS_PRIVATE_EXTERN = NO;
				GCC_WARN_64_TO_32_BIT_CONVERSION = YES;
				GCC_WARN_ABOUT_RETURN_TYPE = YES_ERROR;
				GCC_WARN_UNDECLARED_SELECTOR = YES;
				GCC_WARN_UNINITIALIZED_AUTOS = YES_AGGRESSIVE;
				GCC_WARN_UNUSED_FUNCTION = YES;
				GCC_WARN_UNUSED_VARIABLE = YES;
				IPHONEOS_DEPLOYMENT_TARGET = 7.1;
				ONLY_ACTIVE_ARCH = YES;
				SDKROOT = iphoneos;
			};
			name = Debug;
		};
		3F06CF0519388EE8006B8EC0 /* Release */ = {
			isa = XCBuildConfiguration;
			buildSettings = {
				ALWAYS_SEARCH_USER_PATHS = NO;
				CLANG_CXX_LANGUAGE_STANDARD = "gnu++0x";
				CLANG_CXX_LIBRARY = "libc++";
				CLANG_ENABLE_MODULES = YES;
				CLANG_ENABLE_OBJC_ARC = YES;
				CLANG_WARN_BOOL_CONVERSION = YES;
				CLANG_WARN_CONSTANT_CONVERSION = YES;
				CLANG_WARN_DIRECT_OBJC_ISA_USAGE = YES_ERROR;
				CLANG_WARN_EMPTY_BODY = YES;
				CLANG_WARN_ENUM_CONVERSION = YES;
				CLANG_WARN_INT_CONVERSION = YES;
				CLANG_WARN_OBJC_ROOT_CLASS = YES_ERROR;
				CLANG_WARN__DUPLICATE_METHOD_MATCH = YES;
				"CODE_SIGN_IDENTITY[sdk=iphoneos*]" = "iPhone Developer";
				COPY_PHASE_STRIP = YES;
				ENABLE_NS_ASSERTIONS = NO;
				GCC_C_LANGUAGE_STANDARD = gnu99;
				GCC_WARN_64_TO_32_BIT_CONVERSION = YES;
				GCC_WARN_ABOUT_RETURN_TYPE = YES_ERROR;
				GCC_WARN_UNDECLARED_SELECTOR = YES;
				GCC_WARN_UNINITIALIZED_AUTOS = YES_AGGRESSIVE;
				GCC_WARN_UNUSED_FUNCTION = YES;
				GCC_WARN_UNUSED_VARIABLE = YES;
				IPHONEOS_DEPLOYMENT_TARGET = 7.1;
				SDKROOT = iphoneos;
				VALIDATE_PRODUCT = YES;
			};
			name = Release;
		};
		3F06CF0719388EE8006B8EC0 /* Debug */ = {
			isa = XCBuildConfiguration;
			buildSettings = {
				ASSETCATALOG_COMPILER_APPICON_NAME = AppIcon;
				ASSETCATALOG_COMPILER_LAUNCHIMAGE_NAME = LaunchImage;
				GCC_PRECOMPILE_PREFIX_HEADER = YES;
				GCC_PREFIX_HEADER = "Through/Supporting/Through-Prefix.pch";
				INFOPLIST_FILE = "$(SRCROOT)/Through/Supporting/Through-Info.plist";
				PRODUCT_NAME = "$(TARGET_NAME)";
				WRAPPER_EXTENSION = app;
			};
			name = Debug;
		};
		3F06CF0819388EE8006B8EC0 /* Release */ = {
			isa = XCBuildConfiguration;
			buildSettings = {
				ASSETCATALOG_COMPILER_APPICON_NAME = AppIcon;
				ASSETCATALOG_COMPILER_LAUNCHIMAGE_NAME = LaunchImage;
				GCC_PRECOMPILE_PREFIX_HEADER = YES;
				GCC_PREFIX_HEADER = "Through/Supporting/Through-Prefix.pch";
				INFOPLIST_FILE = "$(SRCROOT)/Through/Supporting/Through-Info.plist";
				PRODUCT_NAME = "$(TARGET_NAME)";
				WRAPPER_EXTENSION = app;
			};
			name = Release;
		};
/* End XCBuildConfiguration section */

/* Begin XCConfigurationList section */
		3F06CED519388EE8006B8EC0 /* Build configuration list for PBXProject "Through" */ = {
			isa = XCConfigurationList;
			buildConfigurations = (
				3F06CF0419388EE8006B8EC0 /* Debug */,
				3F06CF0519388EE8006B8EC0 /* Release */,
			);
			defaultConfigurationIsVisible = 0;
			defaultConfigurationName = Release;
		};
		3F06CF0619388EE8006B8EC0 /* Build configuration list for PBXNativeTarget "Through" */ = {
			isa = XCConfigurationList;
			buildConfigurations = (
				3F06CF0719388EE8006B8EC0 /* Debug */,
				3F06CF0819388EE8006B8EC0 /* Release */,
			);
			defaultConfigurationIsVisible = 0;
		};
/* End XCConfigurationList section */
	};
	rootObject = 3F06CED219388EE8006B8EC0 /* Project object */;
}
